// !$*UTF8*$!
{
	archiveVersion = 1;
	classes = {
	};
	objectVersion = 50;
	objects = {

/* Begin PBXBuildFile section */
		822F8A32F57CF20E89389D65 /* Pods_fayes_mobile.framework in Frameworks */ = {isa = PBXBuildFile; fileRef = 7214542063A144D2E471CF04 /* Pods_fayes_mobile.framework */; };
		B8264A672257C52F00C4C48E /* featuresModel.swift in Sources */ = {isa = PBXBuildFile; fileRef = B8264A662257C52F00C4C48E /* featuresModel.swift */; };
		B8264A7D2257DDB000C4C48E /* FaceLandmarksDetector.swift in Sources */ = {isa = PBXBuildFile; fileRef = B8264A7C2257DDB000C4C48E /* FaceLandmarksDetector.swift */; };
		B8264A7F2257DDDF00C4C48E /* UIImage+Scale.swift in Sources */ = {isa = PBXBuildFile; fileRef = B8264A7E2257DDDF00C4C48E /* UIImage+Scale.swift */; };
		B8264A812257DDFF00C4C48E /* CaptureViewController.swift in Sources */ = {isa = PBXBuildFile; fileRef = B8264A802257DDFF00C4C48E /* CaptureViewController.swift */; };
		B8C4AECF225B9F4200DF3300 /* Double+Rounded.swift in Sources */ = {isa = PBXBuildFile; fileRef = B8C4AECE225B9F4200DF3300 /* Double+Rounded.swift */; };
		B8D3E4372257B5FF00D0B7F6 /* AppDelegate.swift in Sources */ = {isa = PBXBuildFile; fileRef = B8D3E4362257B5FF00D0B7F6 /* AppDelegate.swift */; };
		B8D3E43E2257B60000D0B7F6 /* Assets.xcassets in Resources */ = {isa = PBXBuildFile; fileRef = B8D3E43D2257B60000D0B7F6 /* Assets.xcassets */; };
		B8D3E44F2257B72500D0B7F6 /* LaunchImage.xib in Resources */ = {isa = PBXBuildFile; fileRef = B8D3E44E2257B72500D0B7F6 /* LaunchImage.xib */; };
		B8EF4D1E22582CF200F43166 /* SettingsViewController.swift in Sources */ = {isa = PBXBuildFile; fileRef = B8EF4D1D22582CF200F43166 /* SettingsViewController.swift */; };
		B8EF4D2022582E2600F43166 /* String+Color.swift in Sources */ = {isa = PBXBuildFile; fileRef = B8EF4D1F22582E2600F43166 /* String+Color.swift */; };
		B8EF4D2222582E5600F43166 /* WebViewController.swift in Sources */ = {isa = PBXBuildFile; fileRef = B8EF4D2122582E5600F43166 /* WebViewController.swift */; };
		B8EF4D2422582EB800F43166 /* UIColor+Hex.swift in Sources */ = {isa = PBXBuildFile; fileRef = B8EF4D2322582EB800F43166 /* UIColor+Hex.swift */; };
		B8EF4D2622582FE100F43166 /* DeviceInformation.swift in Sources */ = {isa = PBXBuildFile; fileRef = B8EF4D2522582FE100F43166 /* DeviceInformation.swift */; };
		B8EF4D28225830A700F43166 /* Int+Color.swift in Sources */ = {isa = PBXBuildFile; fileRef = B8EF4D27225830A700F43166 /* Int+Color.swift */; };
		B8EF4D2A225830CB00F43166 /* StringProtocol+ASCII.swift in Sources */ = {isa = PBXBuildFile; fileRef = B8EF4D29225830CB00F43166 /* StringProtocol+ASCII.swift */; };
		B8EF4D2C225830D600F43166 /* Character+ASCII.swift in Sources */ = {isa = PBXBuildFile; fileRef = B8EF4D2B225830D600F43166 /* Character+ASCII.swift */; };
		B8EF4D2E225830EC00F43166 /* String+Substring.swift in Sources */ = {isa = PBXBuildFile; fileRef = B8EF4D2D225830EC00F43166 /* String+Substring.swift */; };
		B8EF4D3022583A0500F43166 /* AnalysisViewController.swift in Sources */ = {isa = PBXBuildFile; fileRef = B8EF4D2F22583A0500F43166 /* AnalysisViewController.swift */; };
		B8EF4D3222583E6B00F43166 /* Distance.swift in Sources */ = {isa = PBXBuildFile; fileRef = B8EF4D3122583E6B00F43166 /* Distance.swift */; };
		B8EF4D3422583F2600F43166 /* TrainingValues.swift in Sources */ = {isa = PBXBuildFile; fileRef = B8EF4D3322583F2600F43166 /* TrainingValues.swift */; };
/* End PBXBuildFile section */

/* Begin PBXFileReference section */
		7214542063A144D2E471CF04 /* Pods_fayes_mobile.framework */ = {isa = PBXFileReference; explicitFileType = wrapper.framework; includeInIndex = 0; path = Pods_fayes_mobile.framework; sourceTree = BUILT_PRODUCTS_DIR; };
		B8264A662257C52F00C4C48E /* featuresModel.swift */ = {isa = PBXFileReference; lastKnownFileType = sourcecode.swift; path = featuresModel.swift; sourceTree = "<group>"; };
		B8264A7C2257DDB000C4C48E /* FaceLandmarksDetector.swift */ = {isa = PBXFileReference; fileEncoding = 4; lastKnownFileType = sourcecode.swift; path = FaceLandmarksDetector.swift; sourceTree = "<group>"; };
		B8264A7E2257DDDF00C4C48E /* UIImage+Scale.swift */ = {isa = PBXFileReference; fileEncoding = 4; lastKnownFileType = sourcecode.swift; path = "UIImage+Scale.swift"; sourceTree = "<group>"; };
		B8264A802257DDFF00C4C48E /* CaptureViewController.swift */ = {isa = PBXFileReference; lastKnownFileType = sourcecode.swift; path = CaptureViewController.swift; sourceTree = "<group>"; };
		B8C4AECE225B9F4200DF3300 /* Double+Rounded.swift */ = {isa = PBXFileReference; lastKnownFileType = sourcecode.swift; path = "Double+Rounded.swift"; sourceTree = "<group>"; };
		B8D3E4332257B5FF00D0B7F6 /* fayes-mobile.app */ = {isa = PBXFileReference; explicitFileType = wrapper.application; includeInIndex = 0; path = "fayes-mobile.app"; sourceTree = BUILT_PRODUCTS_DIR; };
		B8D3E4362257B5FF00D0B7F6 /* AppDelegate.swift */ = {isa = PBXFileReference; lastKnownFileType = sourcecode.swift; path = AppDelegate.swift; sourceTree = "<group>"; };
		B8D3E43D2257B60000D0B7F6 /* Assets.xcassets */ = {isa = PBXFileReference; lastKnownFileType = folder.assetcatalog; path = Assets.xcassets; sourceTree = "<group>"; };
		B8D3E4422257B60000D0B7F6 /* Info.plist */ = {isa = PBXFileReference; lastKnownFileType = text.plist.xml; path = Info.plist; sourceTree = "<group>"; };
		B8D3E44E2257B72500D0B7F6 /* LaunchImage.xib */ = {isa = PBXFileReference; fileEncoding = 4; lastKnownFileType = file.xib; path = LaunchImage.xib; sourceTree = "<group>"; };
		B8EF4D1D22582CF200F43166 /* SettingsViewController.swift */ = {isa = PBXFileReference; lastKnownFileType = sourcecode.swift; path = SettingsViewController.swift; sourceTree = "<group>"; };
		B8EF4D1F22582E2600F43166 /* String+Color.swift */ = {isa = PBXFileReference; fileEncoding = 4; lastKnownFileType = sourcecode.swift; path = "String+Color.swift"; sourceTree = "<group>"; };
		B8EF4D2122582E5600F43166 /* WebViewController.swift */ = {isa = PBXFileReference; fileEncoding = 4; lastKnownFileType = sourcecode.swift; path = WebViewController.swift; sourceTree = "<group>"; };
		B8EF4D2322582EB800F43166 /* UIColor+Hex.swift */ = {isa = PBXFileReference; fileEncoding = 4; lastKnownFileType = sourcecode.swift; path = "UIColor+Hex.swift"; sourceTree = "<group>"; };
		B8EF4D2522582FE100F43166 /* DeviceInformation.swift */ = {isa = PBXFileReference; fileEncoding = 4; lastKnownFileType = sourcecode.swift; path = DeviceInformation.swift; sourceTree = "<group>"; };
		B8EF4D27225830A700F43166 /* Int+Color.swift */ = {isa = PBXFileReference; fileEncoding = 4; lastKnownFileType = sourcecode.swift; path = "Int+Color.swift"; sourceTree = "<group>"; };
		B8EF4D29225830CB00F43166 /* StringProtocol+ASCII.swift */ = {isa = PBXFileReference; fileEncoding = 4; lastKnownFileType = sourcecode.swift; path = "StringProtocol+ASCII.swift"; sourceTree = "<group>"; };
		B8EF4D2B225830D600F43166 /* Character+ASCII.swift */ = {isa = PBXFileReference; fileEncoding = 4; lastKnownFileType = sourcecode.swift; path = "Character+ASCII.swift"; sourceTree = "<group>"; };
		B8EF4D2D225830EC00F43166 /* String+Substring.swift */ = {isa = PBXFileReference; fileEncoding = 4; lastKnownFileType = sourcecode.swift; path = "String+Substring.swift"; sourceTree = "<group>"; };
		B8EF4D2F22583A0500F43166 /* AnalysisViewController.swift */ = {isa = PBXFileReference; lastKnownFileType = sourcecode.swift; path = AnalysisViewController.swift; sourceTree = "<group>"; };
		B8EF4D3122583E6B00F43166 /* Distance.swift */ = {isa = PBXFileReference; lastKnownFileType = sourcecode.swift; path = Distance.swift; sourceTree = "<group>"; };
		B8EF4D3322583F2600F43166 /* TrainingValues.swift */ = {isa = PBXFileReference; lastKnownFileType = sourcecode.swift; path = TrainingValues.swift; sourceTree = "<group>"; };
		D56830DA8569BCE64036EFBD /* Pods-fayes-mobile.debug.xcconfig */ = {isa = PBXFileReference; includeInIndex = 1; lastKnownFileType = text.xcconfig; name = "Pods-fayes-mobile.debug.xcconfig"; path = "Target Support Files/Pods-fayes-mobile/Pods-fayes-mobile.debug.xcconfig"; sourceTree = "<group>"; };
		E2868DEFBB4610B67FF89FF6 /* Pods-fayes-mobile.release.xcconfig */ = {isa = PBXFileReference; includeInIndex = 1; lastKnownFileType = text.xcconfig; name = "Pods-fayes-mobile.release.xcconfig"; path = "Target Support Files/Pods-fayes-mobile/Pods-fayes-mobile.release.xcconfig"; sourceTree = "<group>"; };
/* End PBXFileReference section */

/* Begin PBXFrameworksBuildPhase section */
		B8D3E4302257B5FF00D0B7F6 /* Frameworks */ = {
			isa = PBXFrameworksBuildPhase;
			buildActionMask = 2147483647;
			files = (
				822F8A32F57CF20E89389D65 /* Pods_fayes_mobile.framework in Frameworks */,
			);
			runOnlyForDeploymentPostprocessing = 0;
		};
/* End PBXFrameworksBuildPhase section */

/* Begin PBXGroup section */
		7AB2E3759E79487DF3562594 /* Frameworks */ = {
			isa = PBXGroup;
			children = (
				7214542063A144D2E471CF04 /* Pods_fayes_mobile.framework */,
			);
			name = Frameworks;
			sourceTree = "<group>";
		};
		B8D3E42A2257B5FF00D0B7F6 = {
			isa = PBXGroup;
			children = (
				B8D3E4352257B5FF00D0B7F6 /* fayes-mobile */,
				B8D3E4342257B5FF00D0B7F6 /* Products */,
				C892B7867382876B5B0D8912 /* Pods */,
				7AB2E3759E79487DF3562594 /* Frameworks */,
			);
			sourceTree = "<group>";
		};
		B8D3E4342257B5FF00D0B7F6 /* Products */ = {
			isa = PBXGroup;
			children = (
				B8D3E4332257B5FF00D0B7F6 /* fayes-mobile.app */,
			);
			name = Products;
			sourceTree = "<group>";
		};
		B8D3E4352257B5FF00D0B7F6 /* fayes-mobile */ = {
			isa = PBXGroup;
			children = (
				B8D3E4362257B5FF00D0B7F6 /* AppDelegate.swift */,
				B8D3E4422257B60000D0B7F6 /* Info.plist */,
				B8D3E4482257B67B00D0B7F6 /* Assets */,
				B8D3E4492257B68600D0B7F6 /* Extensions */,
				B8D3E44A2257B69300D0B7F6 /* Models */,
				B8D3E44B2257B69A00D0B7F6 /* Utilities */,
				B8D3E44C2257B6A600D0B7F6 /* ViewControllers */,
				B8D3E44D2257B6B300D0B7F6 /* Views */,
			);
			path = "fayes-mobile";
			sourceTree = "<group>";
		};
		B8D3E4482257B67B00D0B7F6 /* Assets */ = {
			isa = PBXGroup;
			children = (
				B8D3E43D2257B60000D0B7F6 /* Assets.xcassets */,
				B8D3E44E2257B72500D0B7F6 /* LaunchImage.xib */,
			);
			path = Assets;
			sourceTree = "<group>";
		};
		B8D3E4492257B68600D0B7F6 /* Extensions */ = {
			isa = PBXGroup;
			children = (
				B8EF4D2B225830D600F43166 /* Character+ASCII.swift */,
				B8EF4D27225830A700F43166 /* Int+Color.swift */,
				B8EF4D1F22582E2600F43166 /* String+Color.swift */,
				B8EF4D2D225830EC00F43166 /* String+Substring.swift */,
				B8EF4D29225830CB00F43166 /* StringProtocol+ASCII.swift */,
				B8EF4D2322582EB800F43166 /* UIColor+Hex.swift */,
				B8264A7E2257DDDF00C4C48E /* UIImage+Scale.swift */,
				B8C4AECE225B9F4200DF3300 /* Double+Rounded.swift */,
			);
			path = Extensions;
			sourceTree = "<group>";
		};
		B8D3E44A2257B69300D0B7F6 /* Models */ = {
			isa = PBXGroup;
			children = (
				B8264A662257C52F00C4C48E /* featuresModel.swift */,
			);
			path = Models;
			sourceTree = "<group>";
		};
		B8D3E44B2257B69A00D0B7F6 /* Utilities */ = {
			isa = PBXGroup;
			children = (
				B8EF4D3122583E6B00F43166 /* Distance.swift */,
				B8EF4D2522582FE100F43166 /* DeviceInformation.swift */,
				B8264A7C2257DDB000C4C48E /* FaceLandmarksDetector.swift */,
				B8EF4D3322583F2600F43166 /* TrainingValues.swift */,
			);
			path = Utilities;
			sourceTree = "<group>";
		};
		B8D3E44C2257B6A600D0B7F6 /* ViewControllers */ = {
			isa = PBXGroup;
			children = (
				B8EF4D2F22583A0500F43166 /* AnalysisViewController.swift */,
				B8264A802257DDFF00C4C48E /* CaptureViewController.swift */,
				B8EF4D1D22582CF200F43166 /* SettingsViewController.swift */,
				B8EF4D2122582E5600F43166 /* WebViewController.swift */,
			);
			path = ViewControllers;
			sourceTree = "<group>";
		};
		B8D3E44D2257B6B300D0B7F6 /* Views */ = {
			isa = PBXGroup;
			children = (
			);
			path = Views;
			sourceTree = "<group>";
		};
		C892B7867382876B5B0D8912 /* Pods */ = {
			isa = PBXGroup;
			children = (
				D56830DA8569BCE64036EFBD /* Pods-fayes-mobile.debug.xcconfig */,
				E2868DEFBB4610B67FF89FF6 /* Pods-fayes-mobile.release.xcconfig */,
			);
			path = Pods;
			sourceTree = "<group>";
		};
/* End PBXGroup section */

/* Begin PBXNativeTarget section */
		B8D3E4322257B5FF00D0B7F6 /* fayes-mobile */ = {
			isa = PBXNativeTarget;
			buildConfigurationList = B8D3E4452257B60000D0B7F6 /* Build configuration list for PBXNativeTarget "fayes-mobile" */;
			buildPhases = (
				1D42D580180C8120F671DF92 /* [CP] Check Pods Manifest.lock */,
				B8D3E42F2257B5FF00D0B7F6 /* Sources */,
				B8D3E4302257B5FF00D0B7F6 /* Frameworks */,
				B8D3E4312257B5FF00D0B7F6 /* Resources */,
				C805A5FBA1872FA438F51312 /* [CP] Embed Pods Frameworks */,
			);
			buildRules = (
			);
			dependencies = (
			);
			name = "fayes-mobile";
			productName = "fayes-mobile";
			productReference = B8D3E4332257B5FF00D0B7F6 /* fayes-mobile.app */;
			productType = "com.apple.product-type.application";
		};
/* End PBXNativeTarget section */

/* Begin PBXProject section */
		B8D3E42B2257B5FF00D0B7F6 /* Project object */ = {
			isa = PBXProject;
			attributes = {
				LastSwiftUpdateCheck = 1020;
				LastUpgradeCheck = 1020;
				ORGANIZATIONNAME = "Kaldr Industries";
				TargetAttributes = {
					B8D3E4322257B5FF00D0B7F6 = {
						CreatedOnToolsVersion = 10.2;
					};
				};
			};
			buildConfigurationList = B8D3E42E2257B5FF00D0B7F6 /* Build configuration list for PBXProject "fayes-mobile" */;
			compatibilityVersion = "Xcode 9.3";
			developmentRegion = en;
			hasScannedForEncodings = 0;
			knownRegions = (
				en,
				Base,
			);
			mainGroup = B8D3E42A2257B5FF00D0B7F6;
			productRefGroup = B8D3E4342257B5FF00D0B7F6 /* Products */;
			projectDirPath = "";
			projectRoot = "";
			targets = (
				B8D3E4322257B5FF00D0B7F6 /* fayes-mobile */,
			);
		};
/* End PBXProject section */

/* Begin PBXResourcesBuildPhase section */
		B8D3E4312257B5FF00D0B7F6 /* Resources */ = {
			isa = PBXResourcesBuildPhase;
			buildActionMask = 2147483647;
			files = (
				B8D3E44F2257B72500D0B7F6 /* LaunchImage.xib in Resources */,
				B8D3E43E2257B60000D0B7F6 /* Assets.xcassets in Resources */,
			);
			runOnlyForDeploymentPostprocessing = 0;
		};
/* End PBXResourcesBuildPhase section */

/* Begin PBXShellScriptBuildPhase section */
		1D42D580180C8120F671DF92 /* [CP] Check Pods Manifest.lock */ = {
			isa = PBXShellScriptBuildPhase;
			buildActionMask = 2147483647;
			files = (
			);
			inputFileListPaths = (
			);
			inputPaths = (
				"${PODS_PODFILE_DIR_PATH}/Podfile.lock",
				"${PODS_ROOT}/Manifest.lock",
			);
			name = "[CP] Check Pods Manifest.lock";
			outputFileListPaths = (
			);
			outputPaths = (
				"$(DERIVED_FILE_DIR)/Pods-fayes-mobile-checkManifestLockResult.txt",
			);
			runOnlyForDeploymentPostprocessing = 0;
			shellPath = /bin/sh;
			shellScript = "diff \"${PODS_PODFILE_DIR_PATH}/Podfile.lock\" \"${PODS_ROOT}/Manifest.lock\" > /dev/null\nif [ $? != 0 ] ; then\n    # print error to STDERR\n    echo \"error: The sandbox is not in sync with the Podfile.lock. Run 'pod install' or update your CocoaPods installation.\" >&2\n    exit 1\nfi\n# This output is used by Xcode 'outputs' to avoid re-running this script phase.\necho \"SUCCESS\" > \"${SCRIPT_OUTPUT_FILE_0}\"\n";
			showEnvVarsInLog = 0;
		};
		C805A5FBA1872FA438F51312 /* [CP] Embed Pods Frameworks */ = {
			isa = PBXShellScriptBuildPhase;
			buildActionMask = 2147483647;
			files = (
			);
			inputFileListPaths = (
			);
			inputPaths = (
				"${PODS_ROOT}/Target Support Files/Pods-fayes-mobile/Pods-fayes-mobile-frameworks.sh",
				"${BUILT_PRODUCTS_DIR}/AloeStackView/AloeStackView.framework",
				"${BUILT_PRODUCTS_DIR}/ChameleonFramework/ChameleonFramework.framework",
				"${BUILT_PRODUCTS_DIR}/Device/Device.framework",
				"${BUILT_PRODUCTS_DIR}/KeychainSwift/KeychainSwift.framework",
				"${BUILT_PRODUCTS_DIR}/NVActivityIndicatorView/NVActivityIndicatorView.framework",
			);
			name = "[CP] Embed Pods Frameworks";
			outputFileListPaths = (
			);
			outputPaths = (
				"${TARGET_BUILD_DIR}/${FRAMEWORKS_FOLDER_PATH}/AloeStackView.framework",
				"${TARGET_BUILD_DIR}/${FRAMEWORKS_FOLDER_PATH}/ChameleonFramework.framework",
				"${TARGET_BUILD_DIR}/${FRAMEWORKS_FOLDER_PATH}/Device.framework",
				"${TARGET_BUILD_DIR}/${FRAMEWORKS_FOLDER_PATH}/KeychainSwift.framework",
				"${TARGET_BUILD_DIR}/${FRAMEWORKS_FOLDER_PATH}/NVActivityIndicatorView.framework",
			);
			runOnlyForDeploymentPostprocessing = 0;
			shellPath = /bin/sh;
			shellScript = "\"${PODS_ROOT}/Target Support Files/Pods-fayes-mobile/Pods-fayes-mobile-frameworks.sh\"\n";
			showEnvVarsInLog = 0;
		};
/* End PBXShellScriptBuildPhase section */

/* Begin PBXSourcesBuildPhase section */
		B8D3E42F2257B5FF00D0B7F6 /* Sources */ = {
			isa = PBXSourcesBuildPhase;
			buildActionMask = 2147483647;
			files = (
				B8EF4D2E225830EC00F43166 /* String+Substring.swift in Sources */,
				B8EF4D28225830A700F43166 /* Int+Color.swift in Sources */,
				B8D3E4372257B5FF00D0B7F6 /* AppDelegate.swift in Sources */,
				B8264A812257DDFF00C4C48E /* CaptureViewController.swift in Sources */,
				B8EF4D3222583E6B00F43166 /* Distance.swift in Sources */,
				B8264A672257C52F00C4C48E /* featuresModel.swift in Sources */,
				B8EF4D2422582EB800F43166 /* UIColor+Hex.swift in Sources */,
				B8264A7D2257DDB000C4C48E /* FaceLandmarksDetector.swift in Sources */,
				B8EF4D3422583F2600F43166 /* TrainingValues.swift in Sources */,
				B8EF4D2C225830D600F43166 /* Character+ASCII.swift in Sources */,
				B8EF4D2022582E2600F43166 /* String+Color.swift in Sources */,
				B8EF4D2622582FE100F43166 /* DeviceInformation.swift in Sources */,
				B8264A7F2257DDDF00C4C48E /* UIImage+Scale.swift in Sources */,
				B8EF4D1E22582CF200F43166 /* SettingsViewController.swift in Sources */,
				B8EF4D2A225830CB00F43166 /* StringProtocol+ASCII.swift in Sources */,
				B8EF4D2222582E5600F43166 /* WebViewController.swift in Sources */,
				B8C4AECF225B9F4200DF3300 /* Double+Rounded.swift in Sources */,
				B8EF4D3022583A0500F43166 /* AnalysisViewController.swift in Sources */,
			);
			runOnlyForDeploymentPostprocessing = 0;
		};
/* End PBXSourcesBuildPhase section */

/* Begin XCBuildConfiguration section */
		B8D3E4432257B60000D0B7F6 /* Debug */ = {
			isa = XCBuildConfiguration;
			buildSettings = {
				ALWAYS_SEARCH_USER_PATHS = NO;
				CLANG_ANALYZER_NONNULL = YES;
				CLANG_ANALYZER_NUMBER_OBJECT_CONVERSION = YES_AGGRESSIVE;
				CLANG_CXX_LANGUAGE_STANDARD = "gnu++14";
				CLANG_CXX_LIBRARY = "libc++";
				CLANG_ENABLE_MODULES = YES;
				CLANG_ENABLE_OBJC_ARC = YES;
				CLANG_ENABLE_OBJC_WEAK = YES;
				CLANG_WARN_BLOCK_CAPTURE_AUTORELEASING = YES;
				CLANG_WARN_BOOL_CONVERSION = YES;
				CLANG_WARN_COMMA = YES;
				CLANG_WARN_CONSTANT_CONVERSION = YES;
				CLANG_WARN_DEPRECATED_OBJC_IMPLEMENTATIONS = YES;
				CLANG_WARN_DIRECT_OBJC_ISA_USAGE = YES_ERROR;
				CLANG_WARN_DOCUMENTATION_COMMENTS = YES;
				CLANG_WARN_EMPTY_BODY = YES;
				CLANG_WARN_ENUM_CONVERSION = YES;
				CLANG_WARN_INFINITE_RECURSION = YES;
				CLANG_WARN_INT_CONVERSION = YES;
				CLANG_WARN_NON_LITERAL_NULL_CONVERSION = YES;
				CLANG_WARN_OBJC_IMPLICIT_RETAIN_SELF = YES;
				CLANG_WARN_OBJC_LITERAL_CONVERSION = YES;
				CLANG_WARN_OBJC_ROOT_CLASS = YES_ERROR;
				CLANG_WARN_RANGE_LOOP_ANALYSIS = YES;
				CLANG_WARN_STRICT_PROTOTYPES = YES;
				CLANG_WARN_SUSPICIOUS_MOVE = YES;
				CLANG_WARN_UNGUARDED_AVAILABILITY = YES_AGGRESSIVE;
				CLANG_WARN_UNREACHABLE_CODE = YES;
				CLANG_WARN__DUPLICATE_METHOD_MATCH = YES;
				CODE_SIGN_IDENTITY = "iPhone Developer";
				COPY_PHASE_STRIP = NO;
				DEBUG_INFORMATION_FORMAT = dwarf;
				ENABLE_STRICT_OBJC_MSGSEND = YES;
				ENABLE_TESTABILITY = YES;
				GCC_C_LANGUAGE_STANDARD = gnu11;
				GCC_DYNAMIC_NO_PIC = NO;
				GCC_NO_COMMON_BLOCKS = YES;
				GCC_OPTIMIZATION_LEVEL = 0;
				GCC_PREPROCESSOR_DEFINITIONS = (
					"DEBUG=1",
					"$(inherited)",
				);
				GCC_WARN_64_TO_32_BIT_CONVERSION = YES;
				GCC_WARN_ABOUT_RETURN_TYPE = YES_ERROR;
				GCC_WARN_UNDECLARED_SELECTOR = YES;
				GCC_WARN_UNINITIALIZED_AUTOS = YES_AGGRESSIVE;
				GCC_WARN_UNUSED_FUNCTION = YES;
				GCC_WARN_UNUSED_VARIABLE = YES;
				IPHONEOS_DEPLOYMENT_TARGET = 12.2;
				MTL_ENABLE_DEBUG_INFO = INCLUDE_SOURCE;
				MTL_FAST_MATH = YES;
				ONLY_ACTIVE_ARCH = YES;
				SDKROOT = iphoneos;
				SWIFT_ACTIVE_COMPILATION_CONDITIONS = DEBUG;
				SWIFT_OPTIMIZATION_LEVEL = "-Onone";
			};
			name = Debug;
		};
		B8D3E4442257B60000D0B7F6 /* Release */ = {
			isa = XCBuildConfiguration;
			buildSettings = {
				ALWAYS_SEARCH_USER_PATHS = NO;
				CLANG_ANALYZER_NONNULL = YES;
				CLANG_ANALYZER_NUMBER_OBJECT_CONVERSION = YES_AGGRESSIVE;
				CLANG_CXX_LANGUAGE_STANDARD = "gnu++14";
				CLANG_CXX_LIBRARY = "libc++";
				CLANG_ENABLE_MODULES = YES;
				CLANG_ENABLE_OBJC_ARC = YES;
				CLANG_ENABLE_OBJC_WEAK = YES;
				CLANG_WARN_BLOCK_CAPTURE_AUTORELEASING = YES;
				CLANG_WARN_BOOL_CONVERSION = YES;
				CLANG_WARN_COMMA = YES;
				CLANG_WARN_CONSTANT_CONVERSION = YES;
				CLANG_WARN_DEPRECATED_OBJC_IMPLEMENTATIONS = YES;
				CLANG_WARN_DIRECT_OBJC_ISA_USAGE = YES_ERROR;
				CLANG_WARN_DOCUMENTATION_COMMENTS = YES;
				CLANG_WARN_EMPTY_BODY = YES;
				CLANG_WARN_ENUM_CONVERSION = YES;
				CLANG_WARN_INFINITE_RECURSION = YES;
				CLANG_WARN_INT_CONVERSION = YES;
				CLANG_WARN_NON_LITERAL_NULL_CONVERSION = YES;
				CLANG_WARN_OBJC_IMPLICIT_RETAIN_SELF = YES;
				CLANG_WARN_OBJC_LITERAL_CONVERSION = YES;
				CLANG_WARN_OBJC_ROOT_CLASS = YES_ERROR;
				CLANG_WARN_RANGE_LOOP_ANALYSIS = YES;
				CLANG_WARN_STRICT_PROTOTYPES = YES;
				CLANG_WARN_SUSPICIOUS_MOVE = YES;
				CLANG_WARN_UNGUARDED_AVAILABILITY = YES_AGGRESSIVE;
				CLANG_WARN_UNREACHABLE_CODE = YES;
				CLANG_WARN__DUPLICATE_METHOD_MATCH = YES;
				CODE_SIGN_IDENTITY = "iPhone Developer";
				COPY_PHASE_STRIP = NO;
				DEBUG_INFORMATION_FORMAT = "dwarf-with-dsym";
				ENABLE_NS_ASSERTIONS = NO;
				ENABLE_STRICT_OBJC_MSGSEND = YES;
				GCC_C_LANGUAGE_STANDARD = gnu11;
				GCC_NO_COMMON_BLOCKS = YES;
				GCC_WARN_64_TO_32_BIT_CONVERSION = YES;
				GCC_WARN_ABOUT_RETURN_TYPE = YES_ERROR;
				GCC_WARN_UNDECLARED_SELECTOR = YES;
				GCC_WARN_UNINITIALIZED_AUTOS = YES_AGGRESSIVE;
				GCC_WARN_UNUSED_FUNCTION = YES;
				GCC_WARN_UNUSED_VARIABLE = YES;
				IPHONEOS_DEPLOYMENT_TARGET = 12.2;
				MTL_ENABLE_DEBUG_INFO = NO;
				MTL_FAST_MATH = YES;
				SDKROOT = iphoneos;
				SWIFT_COMPILATION_MODE = wholemodule;
				SWIFT_OPTIMIZATION_LEVEL = "-O";
				VALIDATE_PRODUCT = YES;
			};
			name = Release;
		};
		B8D3E4462257B60000D0B7F6 /* Debug */ = {
			isa = XCBuildConfiguration;
			baseConfigurationReference = D56830DA8569BCE64036EFBD /* Pods-fayes-mobile.debug.xcconfig */;
			buildSettings = {
				ASSETCATALOG_COMPILER_APPICON_NAME = AppIcon;
				CODE_SIGN_STYLE = Automatic;
				DEVELOPMENT_TEAM = GLT9N6BJR8;
				INFOPLIST_FILE = "fayes-mobile/Info.plist";
				IPHONEOS_DEPLOYMENT_TARGET = 11.0;
				LD_RUNPATH_SEARCH_PATHS = (
					"$(inherited)",
					"@executable_path/Frameworks",
				);
				PRODUCT_BUNDLE_IDENTIFIER = "com.team.fayes-mobile";
				PRODUCT_NAME = "$(TARGET_NAME)";
				SWIFT_VERSION = 5.0;
				TARGETED_DEVICE_FAMILY = 1;
			};
			name = Debug;
		};
		B8D3E4472257B60000D0B7F6 /* Release */ = {
			isa = XCBuildConfiguration;
			baseConfigurationReference = E2868DEFBB4610B67FF89FF6 /* Pods-fayes-mobile.release.xcconfig */;
			buildSettings = {
				ASSETCATALOG_COMPILER_APPICON_NAME = AppIcon;
				CODE_SIGN_STYLE = Automatic;
				DEVELOPMENT_TEAM = GLT9N6BJR8;
				INFOPLIST_FILE = "fayes-mobile/Info.plist";
				IPHONEOS_DEPLOYMENT_TARGET = 11.0;
				LD_RUNPATH_SEARCH_PATHS = (
					"$(inherited)",
					"@executable_path/Frameworks",
				);
				PRODUCT_BUNDLE_IDENTIFIER = "com.team.fayes-mobile";
				PRODUCT_NAME = "$(TARGET_NAME)";
				SWIFT_VERSION = 5.0;
				TARGETED_DEVICE_FAMILY = 1;
			};
			name = Release;
		};
/* End XCBuildConfiguration section */

/* Begin XCConfigurationList section */
		B8D3E42E2257B5FF00D0B7F6 /* Build configuration list for PBXProject "fayes-mobile" */ = {
			isa = XCConfigurationList;
			buildConfigurations = (
				B8D3E4432257B60000D0B7F6 /* Debug */,
				B8D3E4442257B60000D0B7F6 /* Release */,
			);
			defaultConfigurationIsVisible = 0;
			defaultConfigurationName = Release;
		};
		B8D3E4452257B60000D0B7F6 /* Build configuration list for PBXNativeTarget "fayes-mobile" */ = {
			isa = XCConfigurationList;
			buildConfigurations = (
				B8D3E4462257B60000D0B7F6 /* Debug */,
				B8D3E4472257B60000D0B7F6 /* Release */,
			);
			defaultConfigurationIsVisible = 0;
			defaultConfigurationName = Release;
		};
/* End XCConfigurationList section */
	};
	rootObject = B8D3E42B2257B5FF00D0B7F6 /* Project object */;
}
